<?xml version="1.0" encoding="utf-8"?>
<Project ToolsVersion="4.0" xmlns="http://schemas.microsoft.com/developer/msbuild/2003">
  <ItemGroup>
    <Filter Include="Source Files">
      <UniqueIdentifier>{4FC737F1-C7A5-4376-A066-2A32D752A2FF}</UniqueIdentifier>
      <Extensions>cpp;c;cc;cxx;def;odl;idl;hpj;bat;asm;asmx</Extensions>
    </Filter>
    <Filter Include="Header Files">
      <UniqueIdentifier>{93995380-89BD-4b04-88EB-625FBE52EBFB}</UniqueIdentifier>
      <Extensions>h;hh;hpp;hxx;hm;inl;inc;xsd</Extensions>
    </Filter>
    <Filter Include="Resource Files">
      <UniqueIdentifier>{67DA6AB6-F800-4c08-8B7A-83BB121AAD01}</UniqueIdentifier>
      <Extensions>rc;ico;cur;bmp;dlg;rc2;rct;bin;rgs;gif;jpg;jpeg;jpe;resx;tiff;tif;png;wav;mfcribbon-ms</Extensions>
    </Filter>
    <Filter Include="Header Files\rapidjson">
      <UniqueIdentifier>{85ac041b-455a-4d5a-a271-12f7cc328ecb}</UniqueIdentifier>
    </Filter>
  </ItemGroup>
  <ItemGroup>
    <ClInclude Include="dragonBones\geom\ColorTransform.h">
      <Filter>Header Files</Filter>
    </ClInclude>
    <ClInclude Include="dragonBones\geom\Matrix.h">
      <Filter>Header Files</Filter>
    </ClInclude>
    <ClInclude Include="dragonBones\geom\Point.h">
      <Filter>Header Files</Filter>
    </ClInclude>
    <ClInclude Include="dragonBones\geom\Rectangle.h">
      <Filter>Header Files</Filter>
    </ClInclude>
    <ClInclude Include="dragonBones\geom\Transform.h">
      <Filter>Header Files</Filter>
    </ClInclude>
    <ClInclude Include="dragonBones\model\AnimationConfig.h">
      <Filter>Header Files</Filter>
    </ClInclude>
    <ClInclude Include="dragonBones\model\AnimationData.h">
      <Filter>Header Files</Filter>
    </ClInclude>
    <ClInclude Include="dragonBones\model\ArmatureData.h">
      <Filter>Header Files</Filter>
    </ClInclude>
    <ClInclude Include="dragonBones\model\BoundingBoxData.h">
      <Filter>Header Files</Filter>
    </ClInclude>
    <ClInclude Include="dragonBones\model\CanvasData.h">
      <Filter>Header Files</Filter>
    </ClInclude>
    <ClInclude Include="dragonBones\model\ConstraintData.h">
      <Filter>Header Files</Filter>
    </ClInclude>
    <ClInclude Include="dragonBones\model\DisplayData.h">
      <Filter>Header Files</Filter>
    </ClInclude>
    <ClInclude Include="dragonBones\model\DragonBonesData.h">
      <Filter>Header Files</Filter>
    </ClInclude>
    <ClInclude Include="dragonBones\model\SkinData.h">
      <Filter>Header Files</Filter>
    </ClInclude>
    <ClInclude Include="dragonBones\model\TextureAtlasData.h">
      <Filter>Header Files</Filter>
    </ClInclude>
    <ClInclude Include="dragonBones\model\UserData.h">
      <Filter>Header Files</Filter>
    </ClInclude>
    <ClInclude Include="dragonBones\parser\BinaryDataParser.h">
      <Filter>Header Files</Filter>
    </ClInclude>
    <ClInclude Include="dragonBones\parser\DataParser.h">
      <Filter>Header Files</Filter>
    </ClInclude>
    <ClInclude Include="dragonBones\parser\JSONDataParser.h">
      <Filter>Header Files</Filter>
    </ClInclude>
    <ClInclude Include="dragonBones\DragonBonesHeaders.h">
      <Filter>Header Files</Filter>
    </ClInclude>
    <ClInclude Include="dragonBones\animation\Animation.h">
      <Filter>Header Files</Filter>
    </ClInclude>
    <ClInclude Include="dragonBones\animation\AnimationState.h">
      <Filter>Header Files</Filter>
    </ClInclude>
    <ClInclude Include="dragonBones\animation\BaseTimelineState.h">
      <Filter>Header Files</Filter>
    </ClInclude>
    <ClInclude Include="dragonBones\animation\IAnimatable.h">
      <Filter>Header Files</Filter>
    </ClInclude>
    <ClInclude Include="dragonBones\animation\TimelineState.h">
      <Filter>Header Files</Filter>
    </ClInclude>
    <ClInclude Include="dragonBones\animation\WorldClock.h">
      <Filter>Header Files</Filter>
    </ClInclude>
    <ClInclude Include="dragonBones\armature\Armature.h">
      <Filter>Header Files</Filter>
    </ClInclude>
    <ClInclude Include="dragonBones\armature\Bone.h">
      <Filter>Header Files</Filter>
    </ClInclude>
    <ClInclude Include="dragonBones\armature\Constraint.h">
      <Filter>Header Files</Filter>
    </ClInclude>
    <ClInclude Include="dragonBones\armature\IArmatureProxy.h">
      <Filter>Header Files</Filter>
    </ClInclude>
    <ClInclude Include="dragonBones\armature\Slot.h">
      <Filter>Header Files</Filter>
    </ClInclude>
    <ClInclude Include="dragonBones\armature\TransformObject.h">
      <Filter>Header Files</Filter>
    </ClInclude>
    <ClInclude Include="dragonBones\core\BaseObject.h">
      <Filter>Header Files</Filter>
    </ClInclude>
    <ClInclude Include="dragonBones\core\DragonBones.h">
      <Filter>Header Files</Filter>
    </ClInclude>
    <ClInclude Include="dragonBones\event\EventObject.h">
      <Filter>Header Files</Filter>
    </ClInclude>
    <ClInclude Include="dragonBones\event\IEventDispatcher.h">
      <Filter>Header Files</Filter>
    </ClInclude>
    <ClInclude Include="dragonBones\factory\BaseFactory.h">
      <Filter>Header Files</Filter>
    </ClInclude>
    <ClInclude Include="rapidjson\internal\biginteger.h">
      <Filter>Header Files\rapidjson</Filter>
    </ClInclude>
    <ClInclude Include="rapidjson\internal\diyfp.h">
      <Filter>Header Files\rapidjson</Filter>
    </ClInclude>
    <ClInclude Include="rapidjson\internal\dtoa.h">
      <Filter>Header Files\rapidjson</Filter>
    </ClInclude>
    <ClInclude Include="rapidjson\internal\ieee754.h">
      <Filter>Header Files\rapidjson</Filter>
    </ClInclude>
    <ClInclude Include="rapidjson\internal\itoa.h">
      <Filter>Header Files\rapidjson</Filter>
    </ClInclude>
    <ClInclude Include="rapidjson\internal\meta.h">
      <Filter>Header Files\rapidjson</Filter>
    </ClInclude>
    <ClInclude Include="rapidjson\internal\pow10.h">
      <Filter>Header Files\rapidjson</Filter>
    </ClInclude>
    <ClInclude Include="rapidjson\internal\regex.h">
      <Filter>Header Files\rapidjson</Filter>
    </ClInclude>
    <ClInclude Include="rapidjson\internal\stack.h">
      <Filter>Header Files\rapidjson</Filter>
    </ClInclude>
    <ClInclude Include="rapidjson\internal\strfunc.h">
      <Filter>Header Files\rapidjson</Filter>
    </ClInclude>
    <ClInclude Include="rapidjson\internal\strtod.h">
      <Filter>Header Files\rapidjson</Filter>
    </ClInclude>
    <ClInclude Include="rapidjson\internal\swap.h">
      <Filter>Header Files\rapidjson</Filter>
    </ClInclude>
    <ClInclude Include="rapidjson\msinttypes\inttypes.h">
      <Filter>Header Files\rapidjson</Filter>
    </ClInclude>
    <ClInclude Include="rapidjson\msinttypes\stdint.h">
      <Filter>Header Files\rapidjson</Filter>
    </ClInclude>
    <ClInclude Include="rapidjson\allocators.h">
      <Filter>Header Files\rapidjson</Filter>
    </ClInclude>
    <ClInclude Include="rapidjson\document.h">
      <Filter>Header Files\rapidjson</Filter>
    </ClInclude>
    <ClInclude Include="rapidjson\encodedstream.h">
      <Filter>Header Files\rapidjson</Filter>
    </ClInclude>
    <ClInclude Include="rapidjson\encodings.h">
      <Filter>Header Files\rapidjson</Filter>
    </ClInclude>
    <ClInclude Include="rapidjson\filereadstream.h">
      <Filter>Header Files\rapidjson</Filter>
    </ClInclude>
    <ClInclude Include="rapidjson\filewritestream.h">
      <Filter>Header Files\rapidjson</Filter>
    </ClInclude>
    <ClInclude Include="rapidjson\fwd.h">
      <Filter>Header Files\rapidjson</Filter>
    </ClInclude>
    <ClInclude Include="rapidjson\istreamwrapper.h">
      <Filter>Header Files\rapidjson</Filter>
    </ClInclude>
    <ClInclude Include="rapidjson\memorybuffer.h">
      <Filter>Header Files\rapidjson</Filter>
    </ClInclude>
    <ClInclude Include="rapidjson\memorystream.h">
      <Filter>Header Files\rapidjson</Filter>
    </ClInclude>
    <ClInclude Include="rapidjson\ostreamwrapper.h">
      <Filter>Header Files\rapidjson</Filter>
    </ClInclude>
    <ClInclude Include="rapidjson\pointer.h">
      <Filter>Header Files\rapidjson</Filter>
    </ClInclude>
    <ClInclude Include="rapidjson\prettywriter.h">
      <Filter>Header Files\rapidjson</Filter>
    </ClInclude>
    <ClInclude Include="rapidjson\rapidjson.h">
      <Filter>Header Files\rapidjson</Filter>
    </ClInclude>
    <ClInclude Include="rapidjson\reader.h">
      <Filter>Header Files\rapidjson</Filter>
    </ClInclude>
    <ClInclude Include="rapidjson\schema.h">
      <Filter>Header Files\rapidjson</Filter>
    </ClInclude>
    <ClInclude Include="rapidjson\stream.h">
      <Filter>Header Files\rapidjson</Filter>
    </ClInclude>
    <ClInclude Include="rapidjson\stringbuffer.h">
      <Filter>Header Files\rapidjson</Filter>
    </ClInclude>
    <ClInclude Include="rapidjson\writer.h">
      <Filter>Header Files\rapidjson</Filter>
    </ClInclude>
    <ClInclude Include="rapidjson\error\en.h">
      <Filter>Header Files\rapidjson</Filter>
    </ClInclude>
    <ClInclude Include="rapidjson\error\error.h">
      <Filter>Header Files\rapidjson</Filter>
    </ClInclude>
  </ItemGroup>
  <ItemGroup>
    <ClCompile Include="dragonBones\geom\Point.cpp">
      <Filter>Source Files</Filter>
    </ClCompile>
    <ClCompile Include="dragonBones\geom\Transform.cpp">
      <Filter>Source Files</Filter>
    </ClCompile>
    <ClCompile Include="dragonBones\model\AnimationConfig.cpp">
      <Filter>Source Files</Filter>
    </ClCompile>
    <ClCompile Include="dragonBones\model\AnimationData.cpp">
      <Filter>Source Files</Filter>
    </ClCompile>
    <ClCompile Include="dragonBones\model\ArmatureData.cpp">
      <Filter>Source Files</Filter>
    </ClCompile>
    <ClCompile Include="dragonBones\model\BoundingBoxData.cpp">
      <Filter>Source Files</Filter>
    </ClCompile>
    <ClCompile Include="dragonBones\model\CanvasData.cpp">
      <Filter>Source Files</Filter>
    </ClCompile>
    <ClCompile Include="dragonBones\model\ConstraintData.cpp">
      <Filter>Source Files</Filter>
    </ClCompile>
    <ClCompile Include="dragonBones\model\DisplayData.cpp">
      <Filter>Source Files</Filter>
    </ClCompile>
    <ClCompile Include="dragonBones\model\DragonBonesData.cpp">
      <Filter>Source Files</Filter>
    </ClCompile>
    <ClCompile Include="dragonBones\model\SkinData.cpp">
      <Filter>Source Files</Filter>
    </ClCompile>
    <ClCompile Include="dragonBones\model\TextureAtlasData.cpp">
      <Filter>Source Files</Filter>
    </ClCompile>
    <ClCompile Include="dragonBones\model\UserData.cpp">
      <Filter>Source Files</Filter>
    </ClCompile>
    <ClCompile Include="dragonBones\parser\BinaryDataParser.cpp">
      <Filter>Source Files</Filter>
    </ClCompile>
    <ClCompile Include="dragonBones\parser\DataParser.cpp">
      <Filter>Source Files</Filter>
    </ClCompile>
    <ClCompile Include="dragonBones\parser\JSONDataParser.cpp">
      <Filter>Source Files</Filter>
    </ClCompile>
    <ClCompile Include="dragonBones\animation\Animation.cpp">
      <Filter>Source Files</Filter>
    </ClCompile>
    <ClCompile Include="dragonBones\animation\AnimationState.cpp">
      <Filter>Source Files</Filter>
    </ClCompile>
    <ClCompile Include="dragonBones\animation\BaseTimelineState.cpp">
      <Filter>Source Files</Filter>
    </ClCompile>
    <ClCompile Include="dragonBones\animation\TimelineState.cpp">
      <Filter>Source Files</Filter>
    </ClCompile>
    <ClCompile Include="dragonBones\animation\WorldClock.cpp">
      <Filter>Source Files</Filter>
    </ClCompile>
    <ClCompile Include="dragonBones\armature\Armature.cpp">
      <Filter>Source Files</Filter>
    </ClCompile>
    <ClCompile Include="dragonBones\armature\Bone.cpp">
      <Filter>Source Files</Filter>
    </ClCompile>
    <ClCompile Include="dragonBones\armature\Constraint.cpp">
      <Filter>Source Files</Filter>
    </ClCompile>
    <ClCompile Include="dragonBones\armature\Slot.cpp">
      <Filter>Source Files</Filter>
    </ClCompile>
    <ClCompile Include="dragonBones\armature\TransformObject.cpp">
      <Filter>Source Files</Filter>
    </ClCompile>
    <ClCompile Include="dragonBones\core\BaseObject.cpp">
      <Filter>Source Files</Filter>
    </ClCompile>
    <ClCompile Include="dragonBones\core\DragonBones.cpp">
      <Filter>Source Files</Filter>
    </ClCompile>
    <ClCompile Include="dragonBones\event\EventObject.cpp">
      <Filter>Source Files</Filter>
    </ClCompile>
    <ClCompile Include="dragonBones\factory\BaseFactory.cpp">
      <Filter>Source Files</Filter>
    </ClCompile>
  </ItemGroup>
</Project>